{
  "requires": true,
  "lockfileVersion": 1,
  "dependencies": {
    "now": {
      "version": "16.1.3",
      "resolved": "https://registry.npmjs.org/now/-/now-16.1.3.tgz",
      "integrity": "sha512-U6ZTvdrAOBYeHw5hB2yVYIWM0ng414UxQ68vHWALyR+qSnl33Icuc9GRCAEq2hYqmqo1fZQ/1UCTE4RjJavCdw=="
    }
  }
}
